// !$*UTF8*$!
{
	archiveVersion = 1;
	classes = {
	};
	objectVersion = 46;
	objects = {

/* Begin PBXBuildFile section */
		E3ED77411EF58D3100F34C26 /* main.m in Sources */ = {isa = PBXBuildFile; fileRef = E3ED77401EF58D3100F34C26 /* main.m */; };
		E3ED77441EF58D3100F34C26 /* AppDelegate.m in Sources */ = {isa = PBXBuildFile; fileRef = E3ED77431EF58D3100F34C26 /* AppDelegate.m */; };
		E3ED77471EF58D3100F34C26 /* ViewController.m in Sources */ = {isa = PBXBuildFile; fileRef = E3ED77461EF58D3100F34C26 /* ViewController.m */; };
		E3ED774A1EF58D3100F34C26 /* Main.storyboard in Resources */ = {isa = PBXBuildFile; fileRef = E3ED77481EF58D3100F34C26 /* Main.storyboard */; };
		E3ED774C1EF58D3100F34C26 /* Assets.xcassets in Resources */ = {isa = PBXBuildFile; fileRef = E3ED774B1EF58D3100F34C26 /* Assets.xcassets */; };
		E3ED774F1EF58D3100F34C26 /* LaunchScreen.storyboard in Resources */ = {isa = PBXBuildFile; fileRef = E3ED774D1EF58D3100F34C26 /* LaunchScreen.storyboard */; };
		E3ED77571EF58FA800F34C26 /* DSC_0054.JPG in Resources */ = {isa = PBXBuildFile; fileRef = E3ED77561EF58FA800F34C26 /* DSC_0054.JPG */; };
		E3ED77591EF58FBF00F34C26 /* DSC_0013.JPG in Resources */ = {isa = PBXBuildFile; fileRef = E3ED77581EF58FBF00F34C26 /* DSC_0013.JPG */; };
		E3ED775C1EF58FDC00F34C26 /* CollectionViewCell.m in Sources */ = {isa = PBXBuildFile; fileRef = E3ED775B1EF58FDC00F34C26 /* CollectionViewCell.m */; };
/* End PBXBuildFile section */

/* Begin PBXFileReference section */
		E3ED773C1EF58D3100F34C26 /* Intro View.app */ = {isa = PBXFileReference; explicitFileType = wrapper.application; includeInIndex = 0; path = "Intro View.app"; sourceTree = BUILT_PRODUCTS_DIR; };
		E3ED77401EF58D3100F34C26 /* main.m */ = {isa = PBXFileReference; lastKnownFileType = sourcecode.c.objc; path = main.m; sourceTree = "<group>"; };
		E3ED77421EF58D3100F34C26 /* AppDelegate.h */ = {isa = PBXFileReference; lastKnownFileType = sourcecode.c.h; path = AppDelegate.h; sourceTree = "<group>"; };
		E3ED77431EF58D3100F34C26 /* AppDelegate.m */ = {isa = PBXFileReference; lastKnownFileType = sourcecode.c.objc; path = AppDelegate.m; sourceTree = "<group>"; };
		E3ED77451EF58D3100F34C26 /* ViewController.h */ = {isa = PBXFileReference; lastKnownFileType = sourcecode.c.h; path = ViewController.h; sourceTree = "<group>"; };
		E3ED77461EF58D3100F34C26 /* ViewController.m */ = {isa = PBXFileReference; lastKnownFileType = sourcecode.c.objc; path = ViewController.m; sourceTree = "<group>"; };
		E3ED77491EF58D3100F34C26 /* Base */ = {isa = PBXFileReference; lastKnownFileType = file.storyboard; name = Base; path = Base.lproj/Main.storyboard; sourceTree = "<group>"; };
		E3ED774B1EF58D3100F34C26 /* Assets.xcassets */ = {isa = PBXFileReference; lastKnownFileType = folder.assetcatalog; path = Assets.xcassets; sourceTree = "<group>"; };
		E3ED774E1EF58D3100F34C26 /* Base */ = {isa = PBXFileReference; lastKnownFileType = file.storyboard; name = Base; path = Base.lproj/LaunchScreen.storyboard; sourceTree = "<group>"; };
		E3ED77501EF58D3100F34C26 /* Info.plist */ = {isa = PBXFileReference; lastKnownFileType = text.plist.xml; path = Info.plist; sourceTree = "<group>"; };
		E3ED77561EF58FA800F34C26 /* DSC_0054.JPG */ = {isa = PBXFileReference; lastKnownFileType = image.jpeg; path = DSC_0054.JPG; sourceTree = "<group>"; };
		E3ED77581EF58FBF00F34C26 /* DSC_0013.JPG */ = {isa = PBXFileReference; lastKnownFileType = image.jpeg; path = DSC_0013.JPG; sourceTree = "<group>"; };
		E3ED775A1EF58FDC00F34C26 /* CollectionViewCell.h */ = {isa = PBXFileReference; fileEncoding = 4; lastKnownFileType = sourcecode.c.h; path = CollectionViewCell.h; sourceTree = "<group>"; };
		E3ED775B1EF58FDC00F34C26 /* CollectionViewCell.m */ = {isa = PBXFileReference; fileEncoding = 4; lastKnownFileType = sourcecode.c.objc; path = CollectionViewCell.m; sourceTree = "<group>"; };
/* End PBXFileReference section */

/* Begin PBXFrameworksBuildPhase section */
		E3ED77391EF58D3100F34C26 /* Frameworks */ = {
			isa = PBXFrameworksBuildPhase;
			buildActionMask = 2147483647;
			files = (
			);
			runOnlyForDeploymentPostprocessing = 0;
		};
/* End PBXFrameworksBuildPhase section */

/* Begin PBXGroup section */
		E3ED77331EF58D3100F34C26 = {
			isa = PBXGroup;
			children = (
				E3ED773E1EF58D3100F34C26 /* Intro View */,
				E3ED773D1EF58D3100F34C26 /* Products */,
			);
			sourceTree = "<group>";
		};
		E3ED773D1EF58D3100F34C26 /* Products */ = {
			isa = PBXGroup;
			children = (
				E3ED773C1EF58D3100F34C26 /* Intro View.app */,
			);
			name = Products;
			sourceTree = "<group>";
		};
		E3ED773E1EF58D3100F34C26 /* Intro View */ = {
			isa = PBXGroup;
			children = (
				E3ED77561EF58FA800F34C26 /* DSC_0054.JPG */,
				E3ED77581EF58FBF00F34C26 /* DSC_0013.JPG */,
				E3ED77421EF58D3100F34C26 /* AppDelegate.h */,
				E3ED77431EF58D3100F34C26 /* AppDelegate.m */,
				E3ED77451EF58D3100F34C26 /* ViewController.h */,
				E3ED77461EF58D3100F34C26 /* ViewController.m */,
				E3ED775A1EF58FDC00F34C26 /* CollectionViewCell.h */,
				E3ED775B1EF58FDC00F34C26 /* CollectionViewCell.m */,
				E3ED77481EF58D3100F34C26 /* Main.storyboard */,
				E3ED774B1EF58D3100F34C26 /* Assets.xcassets */,
				E3ED774D1EF58D3100F34C26 /* LaunchScreen.storyboard */,
				E3ED773F1EF58D3100F34C26 /* Supporting Files */,
			);
			path = "Intro View";
			sourceTree = "<group>";
		};
		E3ED773F1EF58D3100F34C26 /* Supporting Files */ = {
			isa = PBXGroup;
			children = (
				E3ED77501EF58D3100F34C26 /* Info.plist */,
				E3ED77401EF58D3100F34C26 /* main.m */,
			);
			name = "Supporting Files";
			sourceTree = "<group>";
		};
/* End PBXGroup section */

/* Begin PBXNativeTarget section */
		E3ED773B1EF58D3100F34C26 /* Intro View */ = {
			isa = PBXNativeTarget;
			buildConfigurationList = E3ED77531EF58D3100F34C26 /* Build configuration list for PBXNativeTarget "Intro View" */;
			buildPhases = (
				E3ED77381EF58D3100F34C26 /* Sources */,
				E3ED77391EF58D3100F34C26 /* Frameworks */,
				E3ED773A1EF58D3100F34C26 /* Resources */,
			);
			buildRules = (
			);
			dependencies = (
			);
			name = "Intro View";
			productName = "Intro View";
			productReference = E3ED773C1EF58D3100F34C26 /* Intro View.app */;
			productType = "com.apple.product-type.application";
		};
/* End PBXNativeTarget section */

/* Begin PBXProject section */
		E3ED77341EF58D3100F34C26 /* Project object */ = {
			isa = PBXProject;
			attributes = {
				LastUpgradeCheck = 0730;
				ORGANIZATIONNAME = murugan;
				TargetAttributes = {
					E3ED773B1EF58D3100F34C26 = {
						CreatedOnToolsVersion = 7.3.1;
					};
				};
			};
			buildConfigurationList = E3ED77371EF58D3100F34C26 /* Build configuration list for PBXProject "Intro View" */;
			compatibilityVersion = "Xcode 3.2";
			developmentRegion = English;
			hasScannedForEncodings = 0;
			knownRegions = (
				en,
				Base,
			);
			mainGroup = E3ED77331EF58D3100F34C26;
			productRefGroup = E3ED773D1EF58D3100F34C26 /* Products */;
			projectDirPath = "";
			projectRoot = "";
			targets = (
				E3ED773B1EF58D3100F34C26 /* Intro View */,
			);
		};
/* End PBXProject section */

/* Begin PBXResourcesBuildPhase section */
		E3ED773A1EF58D3100F34C26 /* Resources */ = {
			isa = PBXResourcesBuildPhase;
			buildActionMask = 2147483647;
			files = (
				E3ED774F1EF58D3100F34C26 /* LaunchScreen.storyboard in Resources */,
				E3ED77571EF58FA800F34C26 /* DSC_0054.JPG in Resources */,
				E3ED774C1EF58D3100F34C26 /* Assets.xcassets in Resources */,
				E3ED774A1EF58D3100F34C26 /* Main.storyboard in Resources */,
				E3ED77591EF58FBF00F34C26 /* DSC_0013.JPG in Resources */,
			);
			runOnlyForDeploymentPostprocessing = 0;
		};
/* End PBXResourcesBuildPhase section */

/* Begin PBXSourcesBuildPhase section */
		E3ED77381EF58D3100F34C26 /* Sources */ = {
			isa = PBXSourcesBuildPhase;
			buildActionMask = 2147483647;
			files = (
				E3ED77471EF58D3100F34C26 /* ViewController.m in Sources */,
				E3ED77441EF58D3100F34C26 /* AppDelegate.m in Sources */,
				E3ED775C1EF58FDC00F34C26 /* CollectionViewCell.m in Sources */,
				E3ED77411EF58D3100F34C26 /* main.m in Sources */,
			);
			runOnlyForDeploymentPostprocessing = 0;
		};
/* End PBXSourcesBuildPhase section */

/* Begin PBXVariantGroup section */
		E3ED77481EF58D3100F34C26 /* Main.storyboard */ = {
			isa = PBXVariantGroup;
			children = (
				E3ED77491EF58D3100F34C26 /* Base */,
			);
			name = Main.storyboard;
			sourceTree = "<group>";
		};
		E3ED774D1EF58D3100F34C26 /* LaunchScreen.storyboard */ = {
			isa = PBXVariantGroup;
			children = (
				E3ED774E1EF58D3100F34C26 /* Base */,
			);
			name = LaunchScreen.storyboard;
			sourceTree = "<group>";
		};
/* End PBXVariantGroup section */

/* Begin XCBuildConfiguration section */
		E3ED77511EF58D3100F34C26 /* Debug */ = {
			isa = XCBuildConfiguration;
			buildSettings = {
				ALWAYS_SEARCH_USER_PATHS = NO;
				CLANG_ANALYZER_NONNULL = YES;
				CLANG_CXX_LANGUAGE_STANDARD = "gnu++0x";
				CLANG_CXX_LIBRARY = "libc++";
				CLANG_ENABLE_MODULES = YES;
				CLANG_ENABLE_OBJC_ARC = YES;
				CLANG_WARN_BOOL_CONVERSION = YES;
				CLANG_WARN_CONSTANT_CONVERSION = YES;
				CLANG_WARN_DIRECT_OBJC_ISA_USAGE = YES_ERROR;
				CLANG_WARN_EMPTY_BODY = YES;
				CLANG_WARN_ENUM_CONVERSION = YES;
				CLANG_WARN_INT_CONVERSION = YES;
				CLANG_WARN_OBJC_ROOT_CLASS = YES_ERROR;
				CLANG_WARN_UNREACHABLE_CODE = YES;
				CLANG_WARN__DUPLICATE_METHOD_MATCH = YES;
				"CODE_SIGN_IDENTITY[sdk=iphoneos*]" = "iPhone Developer";
				COPY_PHASE_STRIP = NO;
				DEBUG_INFORMATION_FORMAT = dwarf;
				ENABLE_STRICT_OBJC_MSGSEND = YES;
				ENABLE_TESTABILITY = YES;
				GCC_C_LANGUAGE_STANDARD = gnu99;
				GCC_DYNAMIC_NO_PIC = NO;
				GCC_NO_COMMON_BLOCKS = YES;
				GCC_OPTIMIZATION_LEVEL = 0;
				GCC_PREPROCESSOR_DEFINITIONS = (
					"DEBUG=1",
					"$(inherited)",
				);
				GCC_WARN_64_TO_32_BIT_CONVERSION = YES;
				GCC_WARN_ABOUT_RETURN_TYPE = YES_ERROR;
				GCC_WARN_UNDECLARED_SELECTOR = YES;
				GCC_WARN_UNINITIALIZED_AUTOS = YES_AGGRESSIVE;
				GCC_WARN_UNUSED_FUNCTION = YES;
				GCC_WARN_UNUSED_VARIABLE = YES;
				IPHONEOS_DEPLOYMENT_TARGET = 9.3;
				MTL_ENABLE_DEBUG_INFO = YES;
				ONLY_ACTIVE_ARCH = YES;
				SDKROOT = iphoneos;
				TARGETED_DEVICE_FAMILY = "1,2";
			};
			name = Debug;
		};
		E3ED77521EF58D3100F34C26 /* Release */ = {
			isa = XCBuildConfiguration;
			buildSettings = {
				ALWAYS_SEARCH_USER_PATHS = NO;
				CLANG_ANALYZER_NONNULL = YES;
				CLANG_CXX_LANGUAGE_STANDARD = "gnu++0x";
				CLANG_CXX_LIBRARY = "libc++";
				CLANG_ENABLE_MODULES = YES;
				CLANG_ENABLE_OBJC_ARC = YES;
				CLANG_WARN_BOOL_CONVERSION = YES;
				CLANG_WARN_CONSTANT_CONVERSION = YES;
				CLANG_WARN_DIRECT_OBJC_ISA_USAGE = YES_ERROR;
				CLANG_WARN_EMPTY_BODY = YES;
				CLANG_WARN_ENUM_CONVERSION = YES;
				CLANG_WARN_INT_CONVERSION = YES;
				CLANG_WARN_OBJC_ROOT_CLASS = YES_ERROR;
				CLANG_WARN_UNREACHABLE_CODE = YES;
				CLANG_WARN__DUPLICATE_METHOD_MATCH = YES;
				"CODE_SIGN_IDENTITY[sdk=iphoneos*]" = "iPhone Developer";
				COPY_PHASE_STRIP = NO;
				DEBUG_INFORMATION_FORMAT = "dwarf-with-dsym";
				ENABLE_NS_ASSERTIONS = NO;
				ENABLE_STRICT_OBJC_MSGSEND = YES;
				GCC_C_LANGUAGE_STANDARD = gnu99;
				GCC_NO_COMMON_BLOCKS = YES;
				GCC_WARN_64_TO_32_BIT_CONVERSION = YES;
				GCC_WARN_ABOUT_RETURN_TYPE = YES_ERROR;
				GCC_WARN_UNDECLARED_SELECTOR = YES;
				GCC_WARN_UNINITIALIZED_AUTOS = YES_AGGRESSIVE;
				GCC_WARN_UNUSED_FUNCTION = YES;
				GCC_WARN_UNUSED_VARIABLE = YES;
				IPHONEOS_DEPLOYMENT_TARGET = 9.3;
				MTL_ENABLE_DEBUG_INFO = NO;
				SDKROOT = iphoneos;
				TARGETED_DEVICE_FAMILY = "1,2";
				VALIDATE_PRODUCT = YES;
			};
			name = Release;
		};
		E3ED77541EF58D3100F34C26 /* Debug */ = {
			isa = XCBuildConfiguration;
			buildSettings = {
				ASSETCATALOG_COMPILER_APPICON_NAME = AppIcon;
				INFOPLIST_FILE = "Intro View/Info.plist";
				LD_RUNPATH_SEARCH_PATHS = "$(inherited) @executable_path/Frameworks";
				PRODUCT_BUNDLE_IDENTIFIER = "com.sample.test.Intro-View";
				PRODUCT_NAME = "$(TARGET_NAME)";
			};
			name = Debug;
		};
		E3ED77551EF58D3100F34C26 /* Release */ = {
			isa = XCBuildConfiguration;
			buildSettings = {
				ASSETCATALOG_COMPILER_APPICON_NAME = AppIcon;
				INFOPLIST_FILE = "Intro View/Info.plist";
				LD_RUNPATH_SEARCH_PATHS = "$(inherited) @executable_path/Frameworks";
				PRODUCT_BUNDLE_IDENTIFIER = "com.sample.test.Intro-View";
				PRODUCT_NAME = "$(TARGET_NAME)";
			};
			name = Release;
		};
/* End XCBuildConfiguration section */

/* Begin XCConfigurationList section */
		E3ED77371EF58D3100F34C26 /* Build configuration list for PBXProject "Intro View" */ = {
			isa = XCConfigurationList;
			buildConfigurations = (
				E3ED77511EF58D3100F34C26 /* Debug */,
				E3ED77521EF58D3100F34C26 /* Release */,
			);
			defaultConfigurationIsVisible = 0;
			defaultConfigurationName = Release;
		};
		E3ED77531EF58D3100F34C26 /* Build configuration list for PBXNativeTarget "Intro View" */ = {
			isa = XCConfigurationList;
			buildConfigurations = (
				E3ED77541EF58D3100F34C26 /* Debug */,
				E3ED77551EF58D3100F34C26 /* Release */,
			);
			defaultConfigurationIsVisible = 0;
		};
/* End XCConfigurationList section */
	};
	rootObject = E3ED77341EF58D3100F34C26 /* Project object */;
}
